
Microsoft Visual Studio Solution File, Format Version 12.00
# Visual Studio Version 17
VisualStudioVersion = 17.11.35303.130
MinimumVisualStudioVersion = 10.0.40219.1
Project("{FAE04EC0-301F-11D3-BF4B-00C04F79EFBC}") = "WebAPI", "WebAPI\WebAPI.csproj", "{FBFA6AE3-121E-4E96-B7A8-AF59C8417B2A}"
EndProject
Project("{FAE04EC0-301F-11D3-BF4B-00C04F79EFBC}") = "CallAPI", "CallAPI\CallAPI.csproj", "{1A27B5A1-C2A4-4B2C-89D3-6C92ED31170B}"
EndProject
Global
	GlobalSection(SolutionConfigurationPlatforms) = preSolution
		Debug|Any CPU = Debug|Any CPU
		Release|Any CPU = Release|Any CPU
	EndGlobalSection
	GlobalSection(ProjectConfigurationPlatforms) = postSolution
		{FBFA6AE3-121E-4E96-B7A8-AF59C8417B2A}.Debug|Any CPU.ActiveCfg = Debug|Any CPU
		{FBFA6AE3-121E-4E96-B7A8-AF59C8417B2A}.Debug|Any CPU.Build.0 = Debug|Any CPU
		{FBFA6AE3-121E-4E96-B7A8-AF59C8417B2A}.Release|Any CPU.ActiveCfg = Release|Any CPU
		{FBFA6AE3-121E-4E96-B7A8-AF59C8417B2A}.Release|Any CPU.Build.0 = Release|Any CPU
		{1A27B5A1-C2A4-4B2C-89D3-6C92ED31170B}.Debug|Any CPU.ActiveCfg = Debug|Any CPU
		{1A27B5A1-C2A4-4B2C-89D3-6C92ED31170B}.Debug|Any CPU.Build.0 = Debug|Any CPU
		{1A27B5A1-C2A4-4B2C-89D3-6C92ED31170B}.Release|Any CPU.ActiveCfg = Release|Any CPU
		{1A27B5A1-C2A4-4B2C-89D3-6C92ED31170B}.Release|Any CPU.Build.0 = Release|Any CPU
	EndGlobalSection
	GlobalSection(SolutionProperties) = preSolution
		HideSolutionNode = FALSE
	EndGlobalSection
	GlobalSection(ExtensibilityGlobals) = postSolution
		SolutionGuid = {502E142D-E3E2-49E5-AC66-28AEF41A74A4}
	EndGlobalSection
EndGlobal
