
Microsoft Visual Studio Solution File, Format Version 12.00
# Visual Studio Version 17
VisualStudioVersion = 17.11.35303.130
MinimumVisualStudioVersion = 10.0.40219.1
Project("{FAE04EC0-301F-11D3-BF4B-00C04F79EFBC}") = "Read_XML_File", "Read_XML_File\Read_XML_File.csproj", "{97129850-2A64-414A-A723-A8D6F384DF57}"
EndProject
Global
	GlobalSection(SolutionConfigurationPlatforms) = preSolution
		Debug|Any CPU = Debug|Any CPU
		Release|Any CPU = Release|Any CPU
	EndGlobalSection
	GlobalSection(ProjectConfigurationPlatforms) = postSolution
		{97129850-2A64-414A-A723-A8D6F384DF57}.Debug|Any CPU.ActiveCfg = Debug|Any CPU
		{97129850-2A64-414A-A723-A8D6F384DF57}.Debug|Any CPU.Build.0 = Debug|Any CPU
		{97129850-2A64-414A-A723-A8D6F384DF57}.Release|Any CPU.ActiveCfg = Release|Any CPU
		{97129850-2A64-414A-A723-A8D6F384DF57}.Release|Any CPU.Build.0 = Release|Any CPU
	EndGlobalSection
	GlobalSection(SolutionProperties) = preSolution
		HideSolutionNode = FALSE
	EndGlobalSection
	GlobalSection(ExtensibilityGlobals) = postSolution
		SolutionGuid = {354C411D-8913-44B9-810D-9FA8678BBBB4}
	EndGlobalSection
EndGlobal
