
Microsoft Visual Studio Solution File, Format Version 12.00
# Visual Studio Version 17
VisualStudioVersion = 17.11.35303.130
MinimumVisualStudioVersion = 10.0.40219.1
Project("{FAE04EC0-301F-11D3-BF4B-00C04F79EFBC}") = "TongDangQuang_2022603783_proj8", "TongDangQuang_2022603783_proj8\TongDangQuang_2022603783_proj8.csproj", "{DF9EB958-115D-4E18-BE88-8ADF0863F3DA}"
EndProject
Global
	GlobalSection(SolutionConfigurationPlatforms) = preSolution
		Debug|Any CPU = Debug|Any CPU
		Release|Any CPU = Release|Any CPU
	EndGlobalSection
	GlobalSection(ProjectConfigurationPlatforms) = postSolution
		{DF9EB958-115D-4E18-BE88-8ADF0863F3DA}.Debug|Any CPU.ActiveCfg = Debug|Any CPU
		{DF9EB958-115D-4E18-BE88-8ADF0863F3DA}.Debug|Any CPU.Build.0 = Debug|Any CPU
		{DF9EB958-115D-4E18-BE88-8ADF0863F3DA}.Release|Any CPU.ActiveCfg = Release|Any CPU
		{DF9EB958-115D-4E18-BE88-8ADF0863F3DA}.Release|Any CPU.Build.0 = Release|Any CPU
	EndGlobalSection
	GlobalSection(SolutionProperties) = preSolution
		HideSolutionNode = FALSE
	EndGlobalSection
	GlobalSection(ExtensibilityGlobals) = postSolution
		SolutionGuid = {AEE7E5BF-9441-41F7-8C45-97877D3AA7EC}
	EndGlobalSection
EndGlobal
